
Microsoft Visual Studio Solution File, Format Version 12.00
# Visual Studio Version 16
VisualStudioVersion = 16.0.31321.278
MinimumVisualStudioVersion = 10.0.40219.1
Project("{9A19103F-16F7-4668-BE54-9A1E7A4F7556}") = "SAE_prototype", "SAE_prototype\SAE_prototype.csproj", "{6EF12A31-90E8-4CF8-8C17-1CDDBE40781D}"
EndProject
Project("{FAE04EC0-301F-11D3-BF4B-00C04F79EFBC}") = "SAE_prototypeTests", "SAE_prototypeTests\SAE_prototypeTests.csproj", "{81868F73-5B3F-4012-A680-465A7CCDD602}"
EndProject
Global
	GlobalSection(SolutionConfigurationPlatforms) = preSolution
		Debug|Any CPU = Debug|Any CPU
		Release|Any CPU = Release|Any CPU
	EndGlobalSection
	GlobalSection(ProjectConfigurationPlatforms) = postSolution
		{6EF12A31-90E8-4CF8-8C17-1CDDBE40781D}.Debug|Any CPU.ActiveCfg = Debug|Any CPU
		{6EF12A31-90E8-4CF8-8C17-1CDDBE40781D}.Debug|Any CPU.Build.0 = Debug|Any CPU
		{6EF12A31-90E8-4CF8-8C17-1CDDBE40781D}.Release|Any CPU.ActiveCfg = Release|Any CPU
		{6EF12A31-90E8-4CF8-8C17-1CDDBE40781D}.Release|Any CPU.Build.0 = Release|Any CPU
		{81868F73-5B3F-4012-A680-465A7CCDD602}.Debug|Any CPU.ActiveCfg = Debug|Any CPU
		{81868F73-5B3F-4012-A680-465A7CCDD602}.Debug|Any CPU.Build.0 = Debug|Any CPU
		{81868F73-5B3F-4012-A680-465A7CCDD602}.Release|Any CPU.ActiveCfg = Release|Any CPU
		{81868F73-5B3F-4012-A680-465A7CCDD602}.Release|Any CPU.Build.0 = Release|Any CPU
	EndGlobalSection
	GlobalSection(SolutionProperties) = preSolution
		HideSolutionNode = FALSE
	EndGlobalSection
	GlobalSection(ExtensibilityGlobals) = postSolution
		SolutionGuid = {79C1C589-C110-4979-9E9F-FC5156B36C5A}
	EndGlobalSection
EndGlobal
